
Microsoft Visual Studio Solution File, Format Version 12.00
# Visual Studio 14
VisualStudioVersion = 14.0.25123.0
MinimumVisualStudioVersion = 10.0.40219.1
Project("{FAE04EC0-301F-11D3-BF4B-00C04F79EFBC}") = "Percolation", "Percolation\Percolation.csproj", "{68269C50-F561-42B9-968B-77C0AA6DEC48}"
EndProject
Project("{FAE04EC0-301F-11D3-BF4B-00C04F79EFBC}") = "PercolationLIB", "PercolationLIB\PercolationLIB.csproj", "{BEFD45AA-A33C-4776-B21E-67209760413A}"
EndProject
Project("{FAE04EC0-301F-11D3-BF4B-00C04F79EFBC}") = "PercolationGUI", "PercolationGUI\PercolationGUI.csproj", "{4CE69294-2D36-4E7F-9B2A-FDE6053608B6}"
EndProject
Project("{FAE04EC0-301F-11D3-BF4B-00C04F79EFBC}") = "IniSettingsLIB", "IniSettingsLIB\IniSettingsLIB.csproj", "{0B82AEE7-E33F-4D9E-BF8E-CFCE4C8E13FE}"
EndProject
Project("{FAE04EC0-301F-11D3-BF4B-00C04F79EFBC}") = "XMLSerializationLIB", "XMLSerializationLIB\XMLSerializationLIB.csproj", "{7F0958D0-C942-46E9-A052-E1B2D7A77C11}"
EndProject
Global
	GlobalSection(SolutionConfigurationPlatforms) = preSolution
		Debug|Any CPU = Debug|Any CPU
		Release|Any CPU = Release|Any CPU
	EndGlobalSection
	GlobalSection(ProjectConfigurationPlatforms) = postSolution
		{68269C50-F561-42B9-968B-77C0AA6DEC48}.Debug|Any CPU.ActiveCfg = Debug|Any CPU
		{68269C50-F561-42B9-968B-77C0AA6DEC48}.Debug|Any CPU.Build.0 = Debug|Any CPU
		{68269C50-F561-42B9-968B-77C0AA6DEC48}.Release|Any CPU.ActiveCfg = Release|Any CPU
		{68269C50-F561-42B9-968B-77C0AA6DEC48}.Release|Any CPU.Build.0 = Release|Any CPU
		{BEFD45AA-A33C-4776-B21E-67209760413A}.Debug|Any CPU.ActiveCfg = Debug|Any CPU
		{BEFD45AA-A33C-4776-B21E-67209760413A}.Debug|Any CPU.Build.0 = Debug|Any CPU
		{BEFD45AA-A33C-4776-B21E-67209760413A}.Release|Any CPU.ActiveCfg = Release|Any CPU
		{BEFD45AA-A33C-4776-B21E-67209760413A}.Release|Any CPU.Build.0 = Release|Any CPU
		{4CE69294-2D36-4E7F-9B2A-FDE6053608B6}.Debug|Any CPU.ActiveCfg = Debug|Any CPU
		{4CE69294-2D36-4E7F-9B2A-FDE6053608B6}.Debug|Any CPU.Build.0 = Debug|Any CPU
		{4CE69294-2D36-4E7F-9B2A-FDE6053608B6}.Release|Any CPU.ActiveCfg = Release|Any CPU
		{4CE69294-2D36-4E7F-9B2A-FDE6053608B6}.Release|Any CPU.Build.0 = Release|Any CPU
		{0B82AEE7-E33F-4D9E-BF8E-CFCE4C8E13FE}.Debug|Any CPU.ActiveCfg = Debug|Any CPU
		{0B82AEE7-E33F-4D9E-BF8E-CFCE4C8E13FE}.Debug|Any CPU.Build.0 = Debug|Any CPU
		{0B82AEE7-E33F-4D9E-BF8E-CFCE4C8E13FE}.Release|Any CPU.ActiveCfg = Release|Any CPU
		{0B82AEE7-E33F-4D9E-BF8E-CFCE4C8E13FE}.Release|Any CPU.Build.0 = Release|Any CPU
		{7F0958D0-C942-46E9-A052-E1B2D7A77C11}.Debug|Any CPU.ActiveCfg = Debug|Any CPU
		{7F0958D0-C942-46E9-A052-E1B2D7A77C11}.Debug|Any CPU.Build.0 = Debug|Any CPU
		{7F0958D0-C942-46E9-A052-E1B2D7A77C11}.Release|Any CPU.ActiveCfg = Release|Any CPU
		{7F0958D0-C942-46E9-A052-E1B2D7A77C11}.Release|Any CPU.Build.0 = Release|Any CPU
	EndGlobalSection
	GlobalSection(SolutionProperties) = preSolution
		HideSolutionNode = FALSE
	EndGlobalSection
EndGlobal
